
Microsoft Visual Studio Solution File, Format Version 12.00
# Visual Studio Version 17
VisualStudioVersion = 17.6.33513.286
MinimumVisualStudioVersion = 10.0.40219.1
Project("{FAE04EC0-301F-11D3-BF4B-00C04F79EFBC}") = "AppConfig1", "AppConfig1\AppConfig1.csproj", "{FEC0FBE5-8738-4F5E-9384-44DB86BF8D96}"
EndProject
Project("{FAE04EC0-301F-11D3-BF4B-00C04F79EFBC}") = "AppConfig2", "AppConfig2\AppConfig2.csproj", "{D2451808-916B-408F-81B4-EBF598D80951}"
EndProject
Global
	GlobalSection(SolutionConfigurationPlatforms) = preSolution
		Debug|Any CPU = Debug|Any CPU
		Release|Any CPU = Release|Any CPU
	EndGlobalSection
	GlobalSection(ProjectConfigurationPlatforms) = postSolution
		{FEC0FBE5-8738-4F5E-9384-44DB86BF8D96}.Debug|Any CPU.ActiveCfg = Debug|Any CPU
		{FEC0FBE5-8738-4F5E-9384-44DB86BF8D96}.Debug|Any CPU.Build.0 = Debug|Any CPU
		{FEC0FBE5-8738-4F5E-9384-44DB86BF8D96}.Release|Any CPU.ActiveCfg = Release|Any CPU
		{FEC0FBE5-8738-4F5E-9384-44DB86BF8D96}.Release|Any CPU.Build.0 = Release|Any CPU
		{D2451808-916B-408F-81B4-EBF598D80951}.Debug|Any CPU.ActiveCfg = Debug|Any CPU
		{D2451808-916B-408F-81B4-EBF598D80951}.Debug|Any CPU.Build.0 = Debug|Any CPU
		{D2451808-916B-408F-81B4-EBF598D80951}.Release|Any CPU.ActiveCfg = Release|Any CPU
		{D2451808-916B-408F-81B4-EBF598D80951}.Release|Any CPU.Build.0 = Release|Any CPU
	EndGlobalSection
	GlobalSection(SolutionProperties) = preSolution
		HideSolutionNode = FALSE
	EndGlobalSection
	GlobalSection(ExtensibilityGlobals) = postSolution
		SolutionGuid = {67AF4BFB-EE02-45C2-B0AF-0BCE6BFDF8A7}
	EndGlobalSection
EndGlobal
